# This file is automatically generated.
# It is not intended for manual editing.
version = 1

[[packages]]
name = "enclavid:disclosure"
registry = "enclavid-local"

[[packages.versions]]
requirement = "=0.1.0"
version = "0.1.0"
digest = "sha256:a7e9b8fbd5715e4b7765397a5f04ce8091353a11c807c5843e17fde4d41e53d6"

[[packages]]
name = "enclavid:form"
registry = "enclavid-local"

[[packages.versions]]
requirement = "=0.1.0"
version = "0.1.0"
digest = "sha256:1ed475dfa9724bd58f39a0780a5c556669ff062dba357e25e27b19bc90123679"
